
Microsoft Visual Studio Solution File, Format Version 12.00
# Visual Studio Version 16
VisualStudioVersion = 16.0.30804.86
MinimumVisualStudioVersion = 10.0.40219.1
Project("{FAE04EC0-301F-11D3-BF4B-00C04F79EFBC}") = "CD257", "CD257.csproj", "{A525C4E7-01BA-4ADE-A283-027C4BA7314A}"
EndProject
Global
	GlobalSection(SolutionConfigurationPlatforms) = preSolution
		Debug|Any CPU = Debug|Any CPU
		Release|Any CPU = Release|Any CPU
	EndGlobalSection
	GlobalSection(ProjectConfigurationPlatforms) = postSolution
		{A525C4E7-01BA-4ADE-A283-027C4BA7314A}.Debug|Any CPU.ActiveCfg = Debug|Any CPU
		{A525C4E7-01BA-4ADE-A283-027C4BA7314A}.Debug|Any CPU.Build.0 = Debug|Any CPU
		{A525C4E7-01BA-4ADE-A283-027C4BA7314A}.Release|Any CPU.ActiveCfg = Release|Any CPU
		{A525C4E7-01BA-4ADE-A283-027C4BA7314A}.Release|Any CPU.Build.0 = Release|Any CPU
	EndGlobalSection
	GlobalSection(SolutionProperties) = preSolution
		HideSolutionNode = FALSE
	EndGlobalSection
	GlobalSection(ExtensibilityGlobals) = postSolution
		SolutionGuid = {A519E048-D447-478B-9DF0-99B6631518B3}
	EndGlobalSection
EndGlobal
