
Microsoft Visual Studio Solution File, Format Version 12.00
# Visual Studio Version 16
VisualStudioVersion = 16.0.30128.74
MinimumVisualStudioVersion = 10.0.40219.1
Project("{FAE04EC0-301F-11D3-BF4B-00C04F79EFBC}") = "CD246", "CD246\CD246.csproj", "{BC9F596F-7C78-4BB3-983A-2F345A18B2D0}"
EndProject
Global
	GlobalSection(SolutionConfigurationPlatforms) = preSolution
		Debug|Any CPU = Debug|Any CPU
		Release|Any CPU = Release|Any CPU
	EndGlobalSection
	GlobalSection(ProjectConfigurationPlatforms) = postSolution
		{BC9F596F-7C78-4BB3-983A-2F345A18B2D0}.Debug|Any CPU.ActiveCfg = Debug|Any CPU
		{BC9F596F-7C78-4BB3-983A-2F345A18B2D0}.Debug|Any CPU.Build.0 = Debug|Any CPU
		{BC9F596F-7C78-4BB3-983A-2F345A18B2D0}.Release|Any CPU.ActiveCfg = Release|Any CPU
		{BC9F596F-7C78-4BB3-983A-2F345A18B2D0}.Release|Any CPU.Build.0 = Release|Any CPU
	EndGlobalSection
	GlobalSection(SolutionProperties) = preSolution
		HideSolutionNode = FALSE
	EndGlobalSection
	GlobalSection(ExtensibilityGlobals) = postSolution
		SolutionGuid = {4AE1DD81-13EC-4C06-898F-F8C360899E18}
	EndGlobalSection
EndGlobal
