
Microsoft Visual Studio Solution File, Format Version 12.00
# Visual Studio Version 16
VisualStudioVersion = 16.0.30225.117
MinimumVisualStudioVersion = 10.0.40219.1
Project("{FAE04EC0-301F-11D3-BF4B-00C04F79EFBC}") = "CD252", "CD252\CD252.csproj", "{CC8C1169-B27F-45A5-8DDD-244D4763A111}"
EndProject
Global
	GlobalSection(SolutionConfigurationPlatforms) = preSolution
		Debug|Any CPU = Debug|Any CPU
		Release|Any CPU = Release|Any CPU
	EndGlobalSection
	GlobalSection(ProjectConfigurationPlatforms) = postSolution
		{CC8C1169-B27F-45A5-8DDD-244D4763A111}.Debug|Any CPU.ActiveCfg = Debug|Any CPU
		{CC8C1169-B27F-45A5-8DDD-244D4763A111}.Debug|Any CPU.Build.0 = Debug|Any CPU
		{CC8C1169-B27F-45A5-8DDD-244D4763A111}.Release|Any CPU.ActiveCfg = Release|Any CPU
		{CC8C1169-B27F-45A5-8DDD-244D4763A111}.Release|Any CPU.Build.0 = Release|Any CPU
	EndGlobalSection
	GlobalSection(SolutionProperties) = preSolution
		HideSolutionNode = FALSE
	EndGlobalSection
	GlobalSection(ExtensibilityGlobals) = postSolution
		SolutionGuid = {D6D928F4-7C7A-40F3-876A-75A797FBFCA1}
	EndGlobalSection
EndGlobal
