
Microsoft Visual Studio Solution File, Format Version 12.00
# Visual Studio Version 16
VisualStudioVersion = 16.0.30128.74
MinimumVisualStudioVersion = 10.0.40219.1
Project("{FAE04EC0-301F-11D3-BF4B-00C04F79EFBC}") = "CD245", "CD245.csproj", "{FC0BE302-49A9-4EFD-9D60-5EDAF16B1AC6}"
EndProject
Global
	GlobalSection(SolutionConfigurationPlatforms) = preSolution
		Debug|Any CPU = Debug|Any CPU
		Release|Any CPU = Release|Any CPU
	EndGlobalSection
	GlobalSection(ProjectConfigurationPlatforms) = postSolution
		{FC0BE302-49A9-4EFD-9D60-5EDAF16B1AC6}.Debug|Any CPU.ActiveCfg = Debug|Any CPU
		{FC0BE302-49A9-4EFD-9D60-5EDAF16B1AC6}.Debug|Any CPU.Build.0 = Debug|Any CPU
		{FC0BE302-49A9-4EFD-9D60-5EDAF16B1AC6}.Release|Any CPU.ActiveCfg = Release|Any CPU
		{FC0BE302-49A9-4EFD-9D60-5EDAF16B1AC6}.Release|Any CPU.Build.0 = Release|Any CPU
	EndGlobalSection
	GlobalSection(SolutionProperties) = preSolution
		HideSolutionNode = FALSE
	EndGlobalSection
	GlobalSection(ExtensibilityGlobals) = postSolution
		SolutionGuid = {5CF27C6D-0344-4394-BD49-28EB540599B5}
	EndGlobalSection
EndGlobal
